// !$*UTF8*$!
{
	archiveVersion = 1;
	classes = {
	};
	objectVersion = 50;
	objects = {

/* Begin PBXBuildFile section */
		F25BF9EE266F6F7700A945D5 /* ContactViewController.swift in Sources */ = {isa = PBXBuildFile; fileRef = F25BF9ED266F6F7700A945D5 /* ContactViewController.swift */; };
		F2AD94E82669D389000FD632 /* WalletViewController.swift in Sources */ = {isa = PBXBuildFile; fileRef = F2AD94E72669D389000FD632 /* WalletViewController.swift */; };
		F2AD94ED2669D3A2000FD632 /* NotificationViewController.swift in Sources */ = {isa = PBXBuildFile; fileRef = F2AD94EC2669D3A2000FD632 /* NotificationViewController.swift */; };
		F2AD94F22669D3B6000FD632 /* HomeViewController.swift in Sources */ = {isa = PBXBuildFile; fileRef = F2AD94F12669D3B6000FD632 /* HomeViewController.swift */; };
		F2AD94F72669D3CE000FD632 /* PromotionViewController.swift in Sources */ = {isa = PBXBuildFile; fileRef = F2AD94F62669D3CE000FD632 /* PromotionViewController.swift */; };
		F2AE759626691E7100D387AD /* AppDelegate.swift in Sources */ = {isa = PBXBuildFile; fileRef = F2AE759526691E7100D387AD /* AppDelegate.swift */; };
		F2AE759826691E7100D387AD /* SceneDelegate.swift in Sources */ = {isa = PBXBuildFile; fileRef = F2AE759726691E7100D387AD /* SceneDelegate.swift */; };
		F2AE759A26691E7100D387AD /* ViewController.swift in Sources */ = {isa = PBXBuildFile; fileRef = F2AE759926691E7100D387AD /* ViewController.swift */; };
		F2AE759D26691E7100D387AD /* Main.storyboard in Resources */ = {isa = PBXBuildFile; fileRef = F2AE759B26691E7100D387AD /* Main.storyboard */; };
		F2AE75A026691E7100D387AD /* SKGTN.xcdatamodeld in Sources */ = {isa = PBXBuildFile; fileRef = F2AE759E26691E7100D387AD /* SKGTN.xcdatamodeld */; };
		F2AE75A226691E7400D387AD /* Assets.xcassets in Resources */ = {isa = PBXBuildFile; fileRef = F2AE75A126691E7400D387AD /* Assets.xcassets */; };
		F2AE75A526691E7400D387AD /* LaunchScreen.storyboard in Resources */ = {isa = PBXBuildFile; fileRef = F2AE75A326691E7400D387AD /* LaunchScreen.storyboard */; };
		F2AE75B026691E7400D387AD /* SKGTNTests.swift in Sources */ = {isa = PBXBuildFile; fileRef = F2AE75AF26691E7400D387AD /* SKGTNTests.swift */; };
		F2AE75BB26691E7400D387AD /* SKGTNUITests.swift in Sources */ = {isa = PBXBuildFile; fileRef = F2AE75BA26691E7400D387AD /* SKGTNUITests.swift */; };
		F2AE75D62669213300D387AD /* User.swift in Sources */ = {isa = PBXBuildFile; fileRef = F2AE75D52669213300D387AD /* User.swift */; };
		F2AE75DE266921A000D387AD /* Auth.swift in Sources */ = {isa = PBXBuildFile; fileRef = F2AE75DD266921A000D387AD /* Auth.swift */; };
		F2FE0766266A339C007C970E /* LoginViewController.swift in Sources */ = {isa = PBXBuildFile; fileRef = F2FE0765266A339C007C970E /* LoginViewController.swift */; };
		F2FE076F266A5956007C970E /* RegisterViewController.swift in Sources */ = {isa = PBXBuildFile; fileRef = F2FE076E266A5956007C970E /* RegisterViewController.swift */; };
		F2FE0778266A9489007C970E /* ForgotPasswordViewController.swift in Sources */ = {isa = PBXBuildFile; fileRef = F2FE0777266A9489007C970E /* ForgotPasswordViewController.swift */; };
		F2FE077E266B258C007C970E /* OTPViewController.swift in Sources */ = {isa = PBXBuildFile; fileRef = F2FE077D266B258C007C970E /* OTPViewController.swift */; };
		F2FE0784266B3403007C970E /* ResetPasswordViewController.swift in Sources */ = {isa = PBXBuildFile; fileRef = F2FE0783266B3403007C970E /* ResetPasswordViewController.swift */; };
		F2FE078D266BAC68007C970E /* SettingViewController.swift in Sources */ = {isa = PBXBuildFile; fileRef = F2FE078C266BAC68007C970E /* SettingViewController.swift */; };
		F2FE079A266CE5F6007C970E /* SettingsTableViewCell.swift in Sources */ = {isa = PBXBuildFile; fileRef = F2FE0799266CE5F6007C970E /* SettingsTableViewCell.swift */; };
		F2FE07A5266CED7D007C970E /* Setting.swift in Sources */ = {isa = PBXBuildFile; fileRef = F2FE07A4266CED7D007C970E /* Setting.swift */; };
		F2FE07B6266CFB1E007C970E /* ProfileViewController.swift in Sources */ = {isa = PBXBuildFile; fileRef = F2FE07B5266CFB1E007C970E /* ProfileViewController.swift */; };
		F2FE07BC266D0609007C970E /* ChangePasswordViewController.swift in Sources */ = {isa = PBXBuildFile; fileRef = F2FE07BB266D0609007C970E /* ChangePasswordViewController.swift */; };
		F2FE07C1266D2116007C970E /* ProfileTableViewCell.swift in Sources */ = {isa = PBXBuildFile; fileRef = F2FE07C0266D2116007C970E /* ProfileTableViewCell.swift */; };
		F2FE07C6266D3A04007C970E /* UpdateProfileViewController.swift in Sources */ = {isa = PBXBuildFile; fileRef = F2FE07C5266D3A04007C970E /* UpdateProfileViewController.swift */; };
		F2FE07CB266E0688007C970E /* UpdateAddressViewController.swift in Sources */ = {isa = PBXBuildFile; fileRef = F2FE07CA266E0688007C970E /* UpdateAddressViewController.swift */; };
		F2FE07D0266E0FDE007C970E /* SearchViewController.swift in Sources */ = {isa = PBXBuildFile; fileRef = F2FE07CF266E0FDE007C970E /* SearchViewController.swift */; };
		F2FE07D5266E5722007C970E /* District.swift in Sources */ = {isa = PBXBuildFile; fileRef = F2FE07D4266E5721007C970E /* District.swift */; };
		F2FE07DA266E575A007C970E /* Ward.swift in Sources */ = {isa = PBXBuildFile; fileRef = F2FE07D9266E575A007C970E /* Ward.swift */; };
		F2FE07DF266E5784007C970E /* Street.swift in Sources */ = {isa = PBXBuildFile; fileRef = F2FE07DE266E5784007C970E /* Street.swift */; };
/* End PBXBuildFile section */

/* Begin PBXContainerItemProxy section */
		F2AE75AC26691E7400D387AD /* PBXContainerItemProxy */ = {
			isa = PBXContainerItemProxy;
			containerPortal = F2AE758A26691E7100D387AD /* Project object */;
			proxyType = 1;
			remoteGlobalIDString = F2AE759126691E7100D387AD;
			remoteInfo = SKGTN;
		};
		F2AE75B726691E7400D387AD /* PBXContainerItemProxy */ = {
			isa = PBXContainerItemProxy;
			containerPortal = F2AE758A26691E7100D387AD /* Project object */;
			proxyType = 1;
			remoteGlobalIDString = F2AE759126691E7100D387AD;
			remoteInfo = SKGTN;
		};
/* End PBXContainerItemProxy section */

/* Begin PBXFileReference section */
		F25BF9ED266F6F7700A945D5 /* ContactViewController.swift */ = {isa = PBXFileReference; lastKnownFileType = sourcecode.swift; path = ContactViewController.swift; sourceTree = "<group>"; };
		F2AD94E72669D389000FD632 /* WalletViewController.swift */ = {isa = PBXFileReference; lastKnownFileType = sourcecode.swift; path = WalletViewController.swift; sourceTree = "<group>"; };
		F2AD94EC2669D3A2000FD632 /* NotificationViewController.swift */ = {isa = PBXFileReference; lastKnownFileType = sourcecode.swift; path = NotificationViewController.swift; sourceTree = "<group>"; };
		F2AD94F12669D3B6000FD632 /* HomeViewController.swift */ = {isa = PBXFileReference; lastKnownFileType = sourcecode.swift; path = HomeViewController.swift; sourceTree = "<group>"; };
		F2AD94F62669D3CE000FD632 /* PromotionViewController.swift */ = {isa = PBXFileReference; lastKnownFileType = sourcecode.swift; path = PromotionViewController.swift; sourceTree = "<group>"; };
		F2AE759226691E7100D387AD /* SKGTN.app */ = {isa = PBXFileReference; explicitFileType = wrapper.application; includeInIndex = 0; path = SKGTN.app; sourceTree = BUILT_PRODUCTS_DIR; };
		F2AE759526691E7100D387AD /* AppDelegate.swift */ = {isa = PBXFileReference; lastKnownFileType = sourcecode.swift; path = AppDelegate.swift; sourceTree = "<group>"; };
		F2AE759726691E7100D387AD /* SceneDelegate.swift */ = {isa = PBXFileReference; lastKnownFileType = sourcecode.swift; path = SceneDelegate.swift; sourceTree = "<group>"; };
		F2AE759926691E7100D387AD /* ViewController.swift */ = {isa = PBXFileReference; lastKnownFileType = sourcecode.swift; path = ViewController.swift; sourceTree = "<group>"; };
		F2AE759C26691E7100D387AD /* Base */ = {isa = PBXFileReference; lastKnownFileType = file.storyboard; name = Base; path = Base.lproj/Main.storyboard; sourceTree = "<group>"; };
		F2AE759F26691E7100D387AD /* SKGTN.xcdatamodel */ = {isa = PBXFileReference; lastKnownFileType = wrapper.xcdatamodel; path = SKGTN.xcdatamodel; sourceTree = "<group>"; };
		F2AE75A126691E7400D387AD /* Assets.xcassets */ = {isa = PBXFileReference; lastKnownFileType = folder.assetcatalog; path = Assets.xcassets; sourceTree = "<group>"; };
		F2AE75A426691E7400D387AD /* Base */ = {isa = PBXFileReference; lastKnownFileType = file.storyboard; name = Base; path = Base.lproj/LaunchScreen.storyboard; sourceTree = "<group>"; };
		F2AE75A626691E7400D387AD /* Info.plist */ = {isa = PBXFileReference; lastKnownFileType = text.plist.xml; path = Info.plist; sourceTree = "<group>"; };
		F2AE75AB26691E7400D387AD /* SKGTNTests.xctest */ = {isa = PBXFileReference; explicitFileType = wrapper.cfbundle; includeInIndex = 0; path = SKGTNTests.xctest; sourceTree = BUILT_PRODUCTS_DIR; };
		F2AE75AF26691E7400D387AD /* SKGTNTests.swift */ = {isa = PBXFileReference; lastKnownFileType = sourcecode.swift; path = SKGTNTests.swift; sourceTree = "<group>"; };
		F2AE75B126691E7400D387AD /* Info.plist */ = {isa = PBXFileReference; lastKnownFileType = text.plist.xml; path = Info.plist; sourceTree = "<group>"; };
		F2AE75B626691E7400D387AD /* SKGTNUITests.xctest */ = {isa = PBXFileReference; explicitFileType = wrapper.cfbundle; includeInIndex = 0; path = SKGTNUITests.xctest; sourceTree = BUILT_PRODUCTS_DIR; };
		F2AE75BA26691E7400D387AD /* SKGTNUITests.swift */ = {isa = PBXFileReference; lastKnownFileType = sourcecode.swift; path = SKGTNUITests.swift; sourceTree = "<group>"; };
		F2AE75BC26691E7400D387AD /* Info.plist */ = {isa = PBXFileReference; lastKnownFileType = text.plist.xml; path = Info.plist; sourceTree = "<group>"; };
		F2AE75D52669213300D387AD /* User.swift */ = {isa = PBXFileReference; lastKnownFileType = sourcecode.swift; path = User.swift; sourceTree = "<group>"; };
		F2AE75DD266921A000D387AD /* Auth.swift */ = {isa = PBXFileReference; lastKnownFileType = sourcecode.swift; path = Auth.swift; sourceTree = "<group>"; };
		F2FE0765266A339C007C970E /* LoginViewController.swift */ = {isa = PBXFileReference; lastKnownFileType = sourcecode.swift; path = LoginViewController.swift; sourceTree = "<group>"; };
		F2FE076E266A5956007C970E /* RegisterViewController.swift */ = {isa = PBXFileReference; lastKnownFileType = sourcecode.swift; path = RegisterViewController.swift; sourceTree = "<group>"; };
		F2FE0777266A9489007C970E /* ForgotPasswordViewController.swift */ = {isa = PBXFileReference; lastKnownFileType = sourcecode.swift; path = ForgotPasswordViewController.swift; sourceTree = "<group>"; };
		F2FE077D266B258C007C970E /* OTPViewController.swift */ = {isa = PBXFileReference; lastKnownFileType = sourcecode.swift; path = OTPViewController.swift; sourceTree = "<group>"; };
		F2FE0783266B3403007C970E /* ResetPasswordViewController.swift */ = {isa = PBXFileReference; lastKnownFileType = sourcecode.swift; path = ResetPasswordViewController.swift; sourceTree = "<group>"; };
		F2FE078C266BAC68007C970E /* SettingViewController.swift */ = {isa = PBXFileReference; lastKnownFileType = sourcecode.swift; path = SettingViewController.swift; sourceTree = "<group>"; };
		F2FE0799266CE5F6007C970E /* SettingsTableViewCell.swift */ = {isa = PBXFileReference; lastKnownFileType = sourcecode.swift; path = SettingsTableViewCell.swift; sourceTree = "<group>"; };
		F2FE07A4266CED7D007C970E /* Setting.swift */ = {isa = PBXFileReference; lastKnownFileType = sourcecode.swift; path = Setting.swift; sourceTree = "<group>"; };
		F2FE07B5266CFB1E007C970E /* ProfileViewController.swift */ = {isa = PBXFileReference; lastKnownFileType = sourcecode.swift; path = ProfileViewController.swift; sourceTree = "<group>"; };
		F2FE07BB266D0609007C970E /* ChangePasswordViewController.swift */ = {isa = PBXFileReference; lastKnownFileType = sourcecode.swift; path = ChangePasswordViewController.swift; sourceTree = "<group>"; };
		F2FE07C0266D2116007C970E /* ProfileTableViewCell.swift */ = {isa = PBXFileReference; lastKnownFileType = sourcecode.swift; path = ProfileTableViewCell.swift; sourceTree = "<group>"; };
		F2FE07C5266D3A04007C970E /* UpdateProfileViewController.swift */ = {isa = PBXFileReference; lastKnownFileType = sourcecode.swift; path = UpdateProfileViewController.swift; sourceTree = "<group>"; };
		F2FE07CA266E0688007C970E /* UpdateAddressViewController.swift */ = {isa = PBXFileReference; lastKnownFileType = sourcecode.swift; path = UpdateAddressViewController.swift; sourceTree = "<group>"; };
		F2FE07CF266E0FDE007C970E /* SearchViewController.swift */ = {isa = PBXFileReference; lastKnownFileType = sourcecode.swift; path = SearchViewController.swift; sourceTree = "<group>"; };
		F2FE07D4266E5721007C970E /* District.swift */ = {isa = PBXFileReference; lastKnownFileType = sourcecode.swift; path = District.swift; sourceTree = "<group>"; };
		F2FE07D9266E575A007C970E /* Ward.swift */ = {isa = PBXFileReference; lastKnownFileType = sourcecode.swift; path = Ward.swift; sourceTree = "<group>"; };
		F2FE07DE266E5784007C970E /* Street.swift */ = {isa = PBXFileReference; lastKnownFileType = sourcecode.swift; path = Street.swift; sourceTree = "<group>"; };
/* End PBXFileReference section */

/* Begin PBXFrameworksBuildPhase section */
		F2AE758F26691E7100D387AD /* Frameworks */ = {
			isa = PBXFrameworksBuildPhase;
			buildActionMask = 2147483647;
			files = (
			);
			runOnlyForDeploymentPostprocessing = 0;
		};
		F2AE75A826691E7400D387AD /* Frameworks */ = {
			isa = PBXFrameworksBuildPhase;
			buildActionMask = 2147483647;
			files = (
			);
			runOnlyForDeploymentPostprocessing = 0;
		};
		F2AE75B326691E7400D387AD /* Frameworks */ = {
			isa = PBXFrameworksBuildPhase;
			buildActionMask = 2147483647;
			files = (
			);
			runOnlyForDeploymentPostprocessing = 0;
		};
/* End PBXFrameworksBuildPhase section */

/* Begin PBXGroup section */
		F25BF9EC266F6F6100A945D5 /* Contact */ = {
			isa = PBXGroup;
			children = (
				F25BF9ED266F6F7700A945D5 /* ContactViewController.swift */,
			);
			path = Contact;
			sourceTree = "<group>";
		};
		F2AD94D82669D311000FD632 /* Wallet */ = {
			isa = PBXGroup;
			children = (
				F2AD94E72669D389000FD632 /* WalletViewController.swift */,
			);
			path = Wallet;
			sourceTree = "<group>";
		};
		F2AD94D92669D32A000FD632 /* Notification */ = {
			isa = PBXGroup;
			children = (
				F2AD94EC2669D3A2000FD632 /* NotificationViewController.swift */,
			);
			path = Notification;
			sourceTree = "<group>";
		};
		F2AD94DA2669D336000FD632 /* Home */ = {
			isa = PBXGroup;
			children = (
				F2AD94F12669D3B6000FD632 /* HomeViewController.swift */,
			);
			path = Home;
			sourceTree = "<group>";
		};
		F2AD94DB2669D342000FD632 /* Promotion */ = {
			isa = PBXGroup;
			children = (
				F2AD94F62669D3CE000FD632 /* PromotionViewController.swift */,
			);
			path = Promotion;
			sourceTree = "<group>";
		};
		F2AE758926691E7100D387AD = {
			isa = PBXGroup;
			children = (
				F2AE759426691E7100D387AD /* SKGTN */,
				F2AE75AE26691E7400D387AD /* SKGTNTests */,
				F2AE75B926691E7400D387AD /* SKGTNUITests */,
				F2AE759326691E7100D387AD /* Products */,
			);
			sourceTree = "<group>";
		};
		F2AE759326691E7100D387AD /* Products */ = {
			isa = PBXGroup;
			children = (
				F2AE759226691E7100D387AD /* SKGTN.app */,
				F2AE75AB26691E7400D387AD /* SKGTNTests.xctest */,
				F2AE75B626691E7400D387AD /* SKGTNUITests.xctest */,
			);
			name = Products;
			sourceTree = "<group>";
		};
		F2AE759426691E7100D387AD /* SKGTN */ = {
			isa = PBXGroup;
			children = (
				F2AE75CD266920A500D387AD /* Assets */,
				F2AE75CC2669209200D387AD /* Application */,
				F2AE75CB2669206200D387AD /* Models */,
				F2AE759726691E7100D387AD /* SceneDelegate.swift */,
				F2AE759B26691E7100D387AD /* Main.storyboard */,
				F2AE75A126691E7400D387AD /* Assets.xcassets */,
				F2AE75A326691E7400D387AD /* LaunchScreen.storyboard */,
				F2AE75A626691E7400D387AD /* Info.plist */,
				F2AE759E26691E7100D387AD /* SKGTN.xcdatamodeld */,
			);
			path = SKGTN;
			sourceTree = "<group>";
		};
		F2AE75AE26691E7400D387AD /* SKGTNTests */ = {
			isa = PBXGroup;
			children = (
				F2AE75AF26691E7400D387AD /* SKGTNTests.swift */,
				F2AE75B126691E7400D387AD /* Info.plist */,
			);
			path = SKGTNTests;
			sourceTree = "<group>";
		};
		F2AE75B926691E7400D387AD /* SKGTNUITests */ = {
			isa = PBXGroup;
			children = (
				F2AE75BA26691E7400D387AD /* SKGTNUITests.swift */,
				F2AE75BC26691E7400D387AD /* Info.plist */,
			);
			path = SKGTNUITests;
			sourceTree = "<group>";
		};
		F2AE75CB2669206200D387AD /* Models */ = {
			isa = PBXGroup;
			children = (
				F2AE75D52669213300D387AD /* User.swift */,
			);
			path = Models;
			sourceTree = "<group>";
		};
		F2AE75CC2669209200D387AD /* Application */ = {
			isa = PBXGroup;
			children = (
				F25BF9EC266F6F6100A945D5 /* Contact */,
				F2FE07BA266D05E8007C970E /* ChangePassword */,
				F2FE07A9266CFAD2007C970E /* Profile */,
				F2FE0788266BAC3E007C970E /* Setting */,
				F2FE0782266B33EB007C970E /* ResetPassword */,
				F2FE077C266B2558007C970E /* OTP */,
				F2FE0773266A9457007C970E /* ForgotPassword */,
				F2FE076A266A5750007C970E /* Register */,
				F2AD94DB2669D342000FD632 /* Promotion */,
				F2AD94DA2669D336000FD632 /* Home */,
				F2AD94D92669D32A000FD632 /* Notification */,
				F2AD94D82669D311000FD632 /* Wallet */,
				F2AE75D42669211300D387AD /* Extentions */,
				F2AE75D32669210900D387AD /* Common */,
				F2AE75D2266920E600D387AD /* Login */,
				F2AE75D1266920E000D387AD /* Main */,
			);
			path = Application;
			sourceTree = "<group>";
		};
		F2AE75CD266920A500D387AD /* Assets */ = {
			isa = PBXGroup;
			children = (
				F2AE75D0266920C800D387AD /* Videos */,
				F2AE75CF266920C100D387AD /* Sounds */,
				F2AE75CE266920B800D387AD /* Images */,
			);
			path = Assets;
			sourceTree = "<group>";
		};
		F2AE75CE266920B800D387AD /* Images */ = {
			isa = PBXGroup;
			children = (
			);
			path = Images;
			sourceTree = "<group>";
		};
		F2AE75CF266920C100D387AD /* Sounds */ = {
			isa = PBXGroup;
			children = (
			);
			path = Sounds;
			sourceTree = "<group>";
		};
		F2AE75D0266920C800D387AD /* Videos */ = {
			isa = PBXGroup;
			children = (
			);
			path = Videos;
			sourceTree = "<group>";
		};
		F2AE75D1266920E000D387AD /* Main */ = {
			isa = PBXGroup;
			children = (
				F2AE759926691E7100D387AD /* ViewController.swift */,
				F2AE759526691E7100D387AD /* AppDelegate.swift */,
			);
			path = Main;
			sourceTree = "<group>";
		};
		F2AE75D2266920E600D387AD /* Login */ = {
			isa = PBXGroup;
			children = (
				F2AE75DD266921A000D387AD /* Auth.swift */,
				F2FE0765266A339C007C970E /* LoginViewController.swift */,
			);
			path = Login;
			sourceTree = "<group>";
		};
		F2AE75D32669210900D387AD /* Common */ = {
			isa = PBXGroup;
			children = (
			);
			path = Common;
			sourceTree = "<group>";
		};
		F2AE75D42669211300D387AD /* Extentions */ = {
			isa = PBXGroup;
			children = (
			);
			path = Extentions;
			sourceTree = "<group>";
		};
		F2FE076A266A5750007C970E /* Register */ = {
			isa = PBXGroup;
			children = (
				F2FE076E266A5956007C970E /* RegisterViewController.swift */,
			);
			path = Register;
			sourceTree = "<group>";
		};
		F2FE0773266A9457007C970E /* ForgotPassword */ = {
			isa = PBXGroup;
			children = (
				F2FE0777266A9489007C970E /* ForgotPasswordViewController.swift */,
			);
			path = ForgotPassword;
			sourceTree = "<group>";
		};
		F2FE077C266B2558007C970E /* OTP */ = {
			isa = PBXGroup;
			children = (
				F2FE077D266B258C007C970E /* OTPViewController.swift */,
			);
			path = OTP;
			sourceTree = "<group>";
		};
		F2FE0782266B33EB007C970E /* ResetPassword */ = {
			isa = PBXGroup;
			children = (
				F2FE0783266B3403007C970E /* ResetPasswordViewController.swift */,
			);
			path = ResetPassword;
			sourceTree = "<group>";
		};
		F2FE0788266BAC3E007C970E /* Setting */ = {
			isa = PBXGroup;
			children = (
				F2FE078C266BAC68007C970E /* SettingViewController.swift */,
				F2FE0799266CE5F6007C970E /* SettingsTableViewCell.swift */,
				F2FE07A4266CED7D007C970E /* Setting.swift */,
			);
			path = Setting;
			sourceTree = "<group>";
		};
		F2FE07A9266CFAD2007C970E /* Profile */ = {
			isa = PBXGroup;
			children = (
				F2FE07B5266CFB1E007C970E /* ProfileViewController.swift */,
				F2FE07C0266D2116007C970E /* ProfileTableViewCell.swift */,
				F2FE07C5266D3A04007C970E /* UpdateProfileViewController.swift */,
				F2FE07CA266E0688007C970E /* UpdateAddressViewController.swift */,
				F2FE07CF266E0FDE007C970E /* SearchViewController.swift */,
				F2FE07D4266E5721007C970E /* District.swift */,
				F2FE07D9266E575A007C970E /* Ward.swift */,
				F2FE07DE266E5784007C970E /* Street.swift */,
			);
			path = Profile;
			sourceTree = "<group>";
		};
		F2FE07BA266D05E8007C970E /* ChangePassword */ = {
			isa = PBXGroup;
			children = (
				F2FE07BB266D0609007C970E /* ChangePasswordViewController.swift */,
			);
			path = ChangePassword;
			sourceTree = "<group>";
		};
/* End PBXGroup section */

/* Begin PBXNativeTarget section */
		F2AE759126691E7100D387AD /* SKGTN */ = {
			isa = PBXNativeTarget;
			buildConfigurationList = F2AE75BF26691E7400D387AD /* Build configuration list for PBXNativeTarget "SKGTN" */;
			buildPhases = (
				F2AE758E26691E7100D387AD /* Sources */,
				F2AE758F26691E7100D387AD /* Frameworks */,
				F2AE759026691E7100D387AD /* Resources */,
			);
			buildRules = (
			);
			dependencies = (
			);
			name = SKGTN;
			productName = SKGTN;
			productReference = F2AE759226691E7100D387AD /* SKGTN.app */;
			productType = "com.apple.product-type.application";
		};
		F2AE75AA26691E7400D387AD /* SKGTNTests */ = {
			isa = PBXNativeTarget;
			buildConfigurationList = F2AE75C226691E7400D387AD /* Build configuration list for PBXNativeTarget "SKGTNTests" */;
			buildPhases = (
				F2AE75A726691E7400D387AD /* Sources */,
				F2AE75A826691E7400D387AD /* Frameworks */,
				F2AE75A926691E7400D387AD /* Resources */,
			);
			buildRules = (
			);
			dependencies = (
				F2AE75AD26691E7400D387AD /* PBXTargetDependency */,
			);
			name = SKGTNTests;
			productName = SKGTNTests;
			productReference = F2AE75AB26691E7400D387AD /* SKGTNTests.xctest */;
			productType = "com.apple.product-type.bundle.unit-test";
		};
		F2AE75B526691E7400D387AD /* SKGTNUITests */ = {
			isa = PBXNativeTarget;
			buildConfigurationList = F2AE75C526691E7400D387AD /* Build configuration list for PBXNativeTarget "SKGTNUITests" */;
			buildPhases = (
				F2AE75B226691E7400D387AD /* Sources */,
				F2AE75B326691E7400D387AD /* Frameworks */,
				F2AE75B426691E7400D387AD /* Resources */,
			);
			buildRules = (
			);
			dependencies = (
				F2AE75B826691E7400D387AD /* PBXTargetDependency */,
			);
			name = SKGTNUITests;
			productName = SKGTNUITests;
			productReference = F2AE75B626691E7400D387AD /* SKGTNUITests.xctest */;
			productType = "com.apple.product-type.bundle.ui-testing";
		};
/* End PBXNativeTarget section */

/* Begin PBXProject section */
		F2AE758A26691E7100D387AD /* Project object */ = {
			isa = PBXProject;
			attributes = {
				LastSwiftUpdateCheck = 1240;
				LastUpgradeCheck = 1240;
				TargetAttributes = {
					F2AE759126691E7100D387AD = {
						CreatedOnToolsVersion = 12.4;
					};
					F2AE75AA26691E7400D387AD = {
						CreatedOnToolsVersion = 12.4;
						TestTargetID = F2AE759126691E7100D387AD;
					};
					F2AE75B526691E7400D387AD = {
						CreatedOnToolsVersion = 12.4;
						TestTargetID = F2AE759126691E7100D387AD;
					};
				};
			};
			buildConfigurationList = F2AE758D26691E7100D387AD /* Build configuration list for PBXProject "SKGTN" */;
			compatibilityVersion = "Xcode 9.3";
			developmentRegion = en;
			hasScannedForEncodings = 0;
			knownRegions = (
				en,
				Base,
			);
			mainGroup = F2AE758926691E7100D387AD;
			productRefGroup = F2AE759326691E7100D387AD /* Products */;
			projectDirPath = "";
			projectRoot = "";
			targets = (
				F2AE759126691E7100D387AD /* SKGTN */,
				F2AE75AA26691E7400D387AD /* SKGTNTests */,
				F2AE75B526691E7400D387AD /* SKGTNUITests */,
			);
		};
/* End PBXProject section */

/* Begin PBXResourcesBuildPhase section */
		F2AE759026691E7100D387AD /* Resources */ = {
			isa = PBXResourcesBuildPhase;
			buildActionMask = 2147483647;
			files = (
				F2AE75A526691E7400D387AD /* LaunchScreen.storyboard in Resources */,
				F2AE75A226691E7400D387AD /* Assets.xcassets in Resources */,
				F2AE759D26691E7100D387AD /* Main.storyboard in Resources */,
			);
			runOnlyForDeploymentPostprocessing = 0;
		};
		F2AE75A926691E7400D387AD /* Resources */ = {
			isa = PBXResourcesBuildPhase;
			buildActionMask = 2147483647;
			files = (
			);
			runOnlyForDeploymentPostprocessing = 0;
		};
		F2AE75B426691E7400D387AD /* Resources */ = {
			isa = PBXResourcesBuildPhase;
			buildActionMask = 2147483647;
			files = (
			);
			runOnlyForDeploymentPostprocessing = 0;
		};
/* End PBXResourcesBuildPhase section */

/* Begin PBXSourcesBuildPhase section */
		F2AE758E26691E7100D387AD /* Sources */ = {
			isa = PBXSourcesBuildPhase;
			buildActionMask = 2147483647;
			files = (
				F2AE759A26691E7100D387AD /* ViewController.swift in Sources */,
				F25BF9EE266F6F7700A945D5 /* ContactViewController.swift in Sources */,
				F2FE07DA266E575A007C970E /* Ward.swift in Sources */,
				F2AE75A026691E7100D387AD /* SKGTN.xcdatamodeld in Sources */,
				F2FE079A266CE5F6007C970E /* SettingsTableViewCell.swift in Sources */,
				F2FE07C6266D3A04007C970E /* UpdateProfileViewController.swift in Sources */,
				F2AE759626691E7100D387AD /* AppDelegate.swift in Sources */,
				F2FE078D266BAC68007C970E /* SettingViewController.swift in Sources */,
				F2FE076F266A5956007C970E /* RegisterViewController.swift in Sources */,
				F2AE75D62669213300D387AD /* User.swift in Sources */,
				F2FE07CB266E0688007C970E /* UpdateAddressViewController.swift in Sources */,
				F2AD94F22669D3B6000FD632 /* HomeViewController.swift in Sources */,
				F2FE07A5266CED7D007C970E /* Setting.swift in Sources */,
				F2FE07B6266CFB1E007C970E /* ProfileViewController.swift in Sources */,
				F2AD94ED2669D3A2000FD632 /* NotificationViewController.swift in Sources */,
				F2AD94E82669D389000FD632 /* WalletViewController.swift in Sources */,
				F2AE759826691E7100D387AD /* SceneDelegate.swift in Sources */,
				F2FE07BC266D0609007C970E /* ChangePasswordViewController.swift in Sources */,
				F2AD94F72669D3CE000FD632 /* PromotionViewController.swift in Sources */,
				F2FE07DF266E5784007C970E /* Street.swift in Sources */,
				F2FE07C1266D2116007C970E /* ProfileTableViewCell.swift in Sources */,
				F2FE07D0266E0FDE007C970E /* SearchViewController.swift in Sources */,
				F2FE0778266A9489007C970E /* ForgotPasswordViewController.swift in Sources */,
				F2AE75DE266921A000D387AD /* Auth.swift in Sources */,
				F2FE07D5266E5722007C970E /* District.swift in Sources */,
				F2FE0784266B3403007C970E /* ResetPasswordViewController.swift in Sources */,
				F2FE077E266B258C007C970E /* OTPViewController.swift in Sources */,
				F2FE0766266A339C007C970E /* LoginViewController.swift in Sources */,
			);
			runOnlyForDeploymentPostprocessing = 0;
		};
		F2AE75A726691E7400D387AD /* Sources */ = {
			isa = PBXSourcesBuildPhase;
			buildActionMask = 2147483647;
			files = (
				F2AE75B026691E7400D387AD /* SKGTNTests.swift in Sources */,
			);
			runOnlyForDeploymentPostprocessing = 0;
		};
		F2AE75B226691E7400D387AD /* Sources */ = {
			isa = PBXSourcesBuildPhase;
			buildActionMask = 2147483647;
			files = (
				F2AE75BB26691E7400D387AD /* SKGTNUITests.swift in Sources */,
			);
			runOnlyForDeploymentPostprocessing = 0;
		};
/* End PBXSourcesBuildPhase section */

/* Begin PBXTargetDependency section */
		F2AE75AD26691E7400D387AD /* PBXTargetDependency */ = {
			isa = PBXTargetDependency;
			target = F2AE759126691E7100D387AD /* SKGTN */;
			targetProxy = F2AE75AC26691E7400D387AD /* PBXContainerItemProxy */;
		};
		F2AE75B826691E7400D387AD /* PBXTargetDependency */ = {
			isa = PBXTargetDependency;
			target = F2AE759126691E7100D387AD /* SKGTN */;
			targetProxy = F2AE75B726691E7400D387AD /* PBXContainerItemProxy */;
		};
/* End PBXTargetDependency section */

/* Begin PBXVariantGroup section */
		F2AE759B26691E7100D387AD /* Main.storyboard */ = {
			isa = PBXVariantGroup;
			children = (
				F2AE759C26691E7100D387AD /* Base */,
			);
			name = Main.storyboard;
			sourceTree = "<group>";
		};
		F2AE75A326691E7400D387AD /* LaunchScreen.storyboard */ = {
			isa = PBXVariantGroup;
			children = (
				F2AE75A426691E7400D387AD /* Base */,
			);
			name = LaunchScreen.storyboard;
			sourceTree = "<group>";
		};
/* End PBXVariantGroup section */

/* Begin XCBuildConfiguration section */
		F2AE75BD26691E7400D387AD /* Debug */ = {
			isa = XCBuildConfiguration;
			buildSettings = {
				ALWAYS_SEARCH_USER_PATHS = NO;
				CLANG_ANALYZER_NONNULL = YES;
				CLANG_ANALYZER_NUMBER_OBJECT_CONVERSION = YES_AGGRESSIVE;
				CLANG_CXX_LANGUAGE_STANDARD = "gnu++14";
				CLANG_CXX_LIBRARY = "libc++";
				CLANG_ENABLE_MODULES = YES;
				CLANG_ENABLE_OBJC_ARC = YES;
				CLANG_ENABLE_OBJC_WEAK = YES;
				CLANG_WARN_BLOCK_CAPTURE_AUTORELEASING = YES;
				CLANG_WARN_BOOL_CONVERSION = YES;
				CLANG_WARN_COMMA = YES;
				CLANG_WARN_CONSTANT_CONVERSION = YES;
				CLANG_WARN_DEPRECATED_OBJC_IMPLEMENTATIONS = YES;
				CLANG_WARN_DIRECT_OBJC_ISA_USAGE = YES_ERROR;
				CLANG_WARN_DOCUMENTATION_COMMENTS = YES;
				CLANG_WARN_EMPTY_BODY = YES;
				CLANG_WARN_ENUM_CONVERSION = YES;
				CLANG_WARN_INFINITE_RECURSION = YES;
				CLANG_WARN_INT_CONVERSION = YES;
				CLANG_WARN_NON_LITERAL_NULL_CONVERSION = YES;
				CLANG_WARN_OBJC_IMPLICIT_RETAIN_SELF = YES;
				CLANG_WARN_OBJC_LITERAL_CONVERSION = YES;
				CLANG_WARN_OBJC_ROOT_CLASS = YES_ERROR;
				CLANG_WARN_QUOTED_INCLUDE_IN_FRAMEWORK_HEADER = YES;
				CLANG_WARN_RANGE_LOOP_ANALYSIS = YES;
				CLANG_WARN_STRICT_PROTOTYPES = YES;
				CLANG_WARN_SUSPICIOUS_MOVE = YES;
				CLANG_WARN_UNGUARDED_AVAILABILITY = YES_AGGRESSIVE;
				CLANG_WARN_UNREACHABLE_CODE = YES;
				CLANG_WARN__DUPLICATE_METHOD_MATCH = YES;
				COPY_PHASE_STRIP = NO;
				DEBUG_INFORMATION_FORMAT = dwarf;
				ENABLE_STRICT_OBJC_MSGSEND = YES;
				ENABLE_TESTABILITY = YES;
				GCC_C_LANGUAGE_STANDARD = gnu11;
				GCC_DYNAMIC_NO_PIC = NO;
				GCC_NO_COMMON_BLOCKS = YES;
				GCC_OPTIMIZATION_LEVEL = 0;
				GCC_PREPROCESSOR_DEFINITIONS = (
					"DEBUG=1",
					"$(inherited)",
				);
				GCC_WARN_64_TO_32_BIT_CONVERSION = YES;
				GCC_WARN_ABOUT_RETURN_TYPE = YES_ERROR;
				GCC_WARN_UNDECLARED_SELECTOR = YES;
				GCC_WARN_UNINITIALIZED_AUTOS = YES_AGGRESSIVE;
				GCC_WARN_UNUSED_FUNCTION = YES;
				GCC_WARN_UNUSED_VARIABLE = YES;
				IPHONEOS_DEPLOYMENT_TARGET = 14.4;
				MTL_ENABLE_DEBUG_INFO = INCLUDE_SOURCE;
				MTL_FAST_MATH = YES;
				ONLY_ACTIVE_ARCH = YES;
				SDKROOT = iphoneos;
				SWIFT_ACTIVE_COMPILATION_CONDITIONS = DEBUG;
				SWIFT_OPTIMIZATION_LEVEL = "-Onone";
			};
			name = Debug;
		};
		F2AE75BE26691E7400D387AD /* Release */ = {
			isa = XCBuildConfiguration;
			buildSettings = {
				ALWAYS_SEARCH_USER_PATHS = NO;
				CLANG_ANALYZER_NONNULL = YES;
				CLANG_ANALYZER_NUMBER_OBJECT_CONVERSION = YES_AGGRESSIVE;
				CLANG_CXX_LANGUAGE_STANDARD = "gnu++14";
				CLANG_CXX_LIBRARY = "libc++";
				CLANG_ENABLE_MODULES = YES;
				CLANG_ENABLE_OBJC_ARC = YES;
				CLANG_ENABLE_OBJC_WEAK = YES;
				CLANG_WARN_BLOCK_CAPTURE_AUTORELEASING = YES;
				CLANG_WARN_BOOL_CONVERSION = YES;
				CLANG_WARN_COMMA = YES;
				CLANG_WARN_CONSTANT_CONVERSION = YES;
				CLANG_WARN_DEPRECATED_OBJC_IMPLEMENTATIONS = YES;
				CLANG_WARN_DIRECT_OBJC_ISA_USAGE = YES_ERROR;
				CLANG_WARN_DOCUMENTATION_COMMENTS = YES;
				CLANG_WARN_EMPTY_BODY = YES;
				CLANG_WARN_ENUM_CONVERSION = YES;
				CLANG_WARN_INFINITE_RECURSION = YES;
				CLANG_WARN_INT_CONVERSION = YES;
				CLANG_WARN_NON_LITERAL_NULL_CONVERSION = YES;
				CLANG_WARN_OBJC_IMPLICIT_RETAIN_SELF = YES;
				CLANG_WARN_OBJC_LITERAL_CONVERSION = YES;
				CLANG_WARN_OBJC_ROOT_CLASS = YES_ERROR;
				CLANG_WARN_QUOTED_INCLUDE_IN_FRAMEWORK_HEADER = YES;
				CLANG_WARN_RANGE_LOOP_ANALYSIS = YES;
				CLANG_WARN_STRICT_PROTOTYPES = YES;
				CLANG_WARN_SUSPICIOUS_MOVE = YES;
				CLANG_WARN_UNGUARDED_AVAILABILITY = YES_AGGRESSIVE;
				CLANG_WARN_UNREACHABLE_CODE = YES;
				CLANG_WARN__DUPLICATE_METHOD_MATCH = YES;
				COPY_PHASE_STRIP = NO;
				DEBUG_INFORMATION_FORMAT = "dwarf-with-dsym";
				ENABLE_NS_ASSERTIONS = NO;
				ENABLE_STRICT_OBJC_MSGSEND = YES;
				GCC_C_LANGUAGE_STANDARD = gnu11;
				GCC_NO_COMMON_BLOCKS = YES;
				GCC_WARN_64_TO_32_BIT_CONVERSION = YES;
				GCC_WARN_ABOUT_RETURN_TYPE = YES_ERROR;
				GCC_WARN_UNDECLARED_SELECTOR = YES;
				GCC_WARN_UNINITIALIZED_AUTOS = YES_AGGRESSIVE;
				GCC_WARN_UNUSED_FUNCTION = YES;
				GCC_WARN_UNUSED_VARIABLE = YES;
				IPHONEOS_DEPLOYMENT_TARGET = 14.4;
				MTL_ENABLE_DEBUG_INFO = NO;
				MTL_FAST_MATH = YES;
				SDKROOT = iphoneos;
				SWIFT_COMPILATION_MODE = wholemodule;
				SWIFT_OPTIMIZATION_LEVEL = "-O";
				VALIDATE_PRODUCT = YES;
			};
			name = Release;
		};
		F2AE75C026691E7400D387AD /* Debug */ = {
			isa = XCBuildConfiguration;
			buildSettings = {
				ASSETCATALOG_COMPILER_APPICON_NAME = AppIcon;
				ASSETCATALOG_COMPILER_GLOBAL_ACCENT_COLOR_NAME = AccentColor;
				CODE_SIGN_STYLE = Automatic;
				DEVELOPMENT_TEAM = 8892TK7J7G;
				INFOPLIST_FILE = SKGTN/Info.plist;
				LD_RUNPATH_SEARCH_PATHS = (
					"$(inherited)",
					"@executable_path/Frameworks",
				);
				PRODUCT_BUNDLE_IDENTIFIER = skg.SKGTN;
				PRODUCT_NAME = "$(TARGET_NAME)";
				SWIFT_VERSION = 5.0;
				TARGETED_DEVICE_FAMILY = "1,2";
			};
			name = Debug;
		};
		F2AE75C126691E7400D387AD /* Release */ = {
			isa = XCBuildConfiguration;
			buildSettings = {
				ASSETCATALOG_COMPILER_APPICON_NAME = AppIcon;
				ASSETCATALOG_COMPILER_GLOBAL_ACCENT_COLOR_NAME = AccentColor;
				CODE_SIGN_STYLE = Automatic;
				DEVELOPMENT_TEAM = 8892TK7J7G;
				INFOPLIST_FILE = SKGTN/Info.plist;
				LD_RUNPATH_SEARCH_PATHS = (
					"$(inherited)",
					"@executable_path/Frameworks",
				);
				PRODUCT_BUNDLE_IDENTIFIER = skg.SKGTN;
				PRODUCT_NAME = "$(TARGET_NAME)";
				SWIFT_VERSION = 5.0;
				TARGETED_DEVICE_FAMILY = "1,2";
			};
			name = Release;
		};
		F2AE75C326691E7400D387AD /* Debug */ = {
			isa = XCBuildConfiguration;
			buildSettings = {
				ALWAYS_EMBED_SWIFT_STANDARD_LIBRARIES = YES;
				BUNDLE_LOADER = "$(TEST_HOST)";
				CODE_SIGN_STYLE = Automatic;
				DEVELOPMENT_TEAM = 8892TK7J7G;
				INFOPLIST_FILE = SKGTNTests/Info.plist;
				IPHONEOS_DEPLOYMENT_TARGET = 14.4;
				LD_RUNPATH_SEARCH_PATHS = (
					"$(inherited)",
					"@executable_path/Frameworks",
					"@loader_path/Frameworks",
				);
				PRODUCT_BUNDLE_IDENTIFIER = skg.SKGTNTests;
				PRODUCT_NAME = "$(TARGET_NAME)";
				SWIFT_VERSION = 5.0;
				TARGETED_DEVICE_FAMILY = "1,2";
				TEST_HOST = "$(BUILT_PRODUCTS_DIR)/SKGTN.app/SKGTN";
			};
			name = Debug;
		};
		F2AE75C426691E7400D387AD /* Release */ = {
			isa = XCBuildConfiguration;
			buildSettings = {
				ALWAYS_EMBED_SWIFT_STANDARD_LIBRARIES = YES;
				BUNDLE_LOADER = "$(TEST_HOST)";
				CODE_SIGN_STYLE = Automatic;
				DEVELOPMENT_TEAM = 8892TK7J7G;
				INFOPLIST_FILE = SKGTNTests/Info.plist;
				IPHONEOS_DEPLOYMENT_TARGET = 14.4;
				LD_RUNPATH_SEARCH_PATHS = (
					"$(inherited)",
					"@executable_path/Frameworks",
					"@loader_path/Frameworks",
				);
				PRODUCT_BUNDLE_IDENTIFIER = skg.SKGTNTests;
				PRODUCT_NAME = "$(TARGET_NAME)";
				SWIFT_VERSION = 5.0;
				TARGETED_DEVICE_FAMILY = "1,2";
				TEST_HOST = "$(BUILT_PRODUCTS_DIR)/SKGTN.app/SKGTN";
			};
			name = Release;
		};
		F2AE75C626691E7400D387AD /* Debug */ = {
			isa = XCBuildConfiguration;
			buildSettings = {
				ALWAYS_EMBED_SWIFT_STANDARD_LIBRARIES = YES;
				CODE_SIGN_STYLE = Automatic;
				DEVELOPMENT_TEAM = 8892TK7J7G;
				INFOPLIST_FILE = SKGTNUITests/Info.plist;
				LD_RUNPATH_SEARCH_PATHS = (
					"$(inherited)",
					"@executable_path/Frameworks",
					"@loader_path/Frameworks",
				);
				PRODUCT_BUNDLE_IDENTIFIER = skg.SKGTNUITests;
				PRODUCT_NAME = "$(TARGET_NAME)";
				SWIFT_VERSION = 5.0;
				TARGETED_DEVICE_FAMILY = "1,2";
				TEST_TARGET_NAME = SKGTN;
			};
			name = Debug;
		};
		F2AE75C726691E7400D387AD /* Release */ = {
			isa = XCBuildConfiguration;
			buildSettings = {
				ALWAYS_EMBED_SWIFT_STANDARD_LIBRARIES = YES;
				CODE_SIGN_STYLE = Automatic;
				DEVELOPMENT_TEAM = 8892TK7J7G;
				INFOPLIST_FILE = SKGTNUITests/Info.plist;
				LD_RUNPATH_SEARCH_PATHS = (
					"$(inherited)",
					"@executable_path/Frameworks",
					"@loader_path/Frameworks",
				);
				PRODUCT_BUNDLE_IDENTIFIER = skg.SKGTNUITests;
				PRODUCT_NAME = "$(TARGET_NAME)";
				SWIFT_VERSION = 5.0;
				TARGETED_DEVICE_FAMILY = "1,2";
				TEST_TARGET_NAME = SKGTN;
			};
			name = Release;
		};
/* End XCBuildConfiguration section */

/* Begin XCConfigurationList section */
		F2AE758D26691E7100D387AD /* Build configuration list for PBXProject "SKGTN" */ = {
			isa = XCConfigurationList;
			buildConfigurations = (
				F2AE75BD26691E7400D387AD /* Debug */,
				F2AE75BE26691E7400D387AD /* Release */,
			);
			defaultConfigurationIsVisible = 0;
			defaultConfigurationName = Release;
		};
		F2AE75BF26691E7400D387AD /* Build configuration list for PBXNativeTarget "SKGTN" */ = {
			isa = XCConfigurationList;
			buildConfigurations = (
				F2AE75C026691E7400D387AD /* Debug */,
				F2AE75C126691E7400D387AD /* Release */,
			);
			defaultConfigurationIsVisible = 0;
			defaultConfigurationName = Release;
		};
		F2AE75C226691E7400D387AD /* Build configuration list for PBXNativeTarget "SKGTNTests" */ = {
			isa = XCConfigurationList;
			buildConfigurations = (
				F2AE75C326691E7400D387AD /* Debug */,
				F2AE75C426691E7400D387AD /* Release */,
			);
			defaultConfigurationIsVisible = 0;
			defaultConfigurationName = Release;
		};
		F2AE75C526691E7400D387AD /* Build configuration list for PBXNativeTarget "SKGTNUITests" */ = {
			isa = XCConfigurationList;
			buildConfigurations = (
				F2AE75C626691E7400D387AD /* Debug */,
				F2AE75C726691E7400D387AD /* Release */,
			);
			defaultConfigurationIsVisible = 0;
			defaultConfigurationName = Release;
		};
/* End XCConfigurationList section */

/* Begin XCVersionGroup section */
		F2AE759E26691E7100D387AD /* SKGTN.xcdatamodeld */ = {
			isa = XCVersionGroup;
			children = (
				F2AE759F26691E7100D387AD /* SKGTN.xcdatamodel */,
			);
			currentVersion = F2AE759F26691E7100D387AD /* SKGTN.xcdatamodel */;
			path = SKGTN.xcdatamodeld;
			sourceTree = "<group>";
			versionGroupType = wrapper.xcdatamodel;
		};
/* End XCVersionGroup section */
	};
	rootObject = F2AE758A26691E7100D387AD /* Project object */;
}
